{
  "name": "rconserver",
  "version": "1.0.0",
  "lockfileVersion": 1,
  "requires": true,
  "dependencies": {
    "modern-rcon": {
      "version": "1.0.3",
      "resolved": "https://registry.npmjs.org/modern-rcon/-/modern-rcon-1.0.3.tgz",
      "integrity": "sha1-vwG6WdO1F8Igb6PLnvTg+AV1i1I="
    },
    "ws": {
      "version": "7.3.0",
      "resolved": "https://registry.npmjs.org/ws/-/ws-7.3.0.tgz",
      "integrity": "sha512-iFtXzngZVXPGgpTlP1rBqsUK82p9tKqsWRPg5L56egiljujJT3vGAYnHANvFxBieXrTFavhzhxW52jnaWV+w2w=="
    }
  }
}
